
Microsoft Visual Studio Solution File, Format Version 12.00
# Visual Studio Version 17
VisualStudioVersion = 17.8.34330.188
MinimumVisualStudioVersion = 10.0.40219.1
Project("{9A19103F-16F7-4668-BE54-9A1E7A4F7556}") = "ShumenNews", "ShumenNews.csproj", "{DD332632-C861-4154-8E1A-CB336305738E}"
EndProject
Global
	GlobalSection(SolutionConfigurationPlatforms) = preSolution
		Debug|Any CPU = Debug|Any CPU
		Release|Any CPU = Release|Any CPU
	EndGlobalSection
	GlobalSection(ProjectConfigurationPlatforms) = postSolution
		{DD332632-C861-4154-8E1A-CB336305738E}.Debug|Any CPU.ActiveCfg = Debug|Any CPU
		{DD332632-C861-4154-8E1A-CB336305738E}.Debug|Any CPU.Build.0 = Debug|Any CPU
		{DD332632-C861-4154-8E1A-CB336305738E}.Release|Any CPU.ActiveCfg = Release|Any CPU
		{DD332632-C861-4154-8E1A-CB336305738E}.Release|Any CPU.Build.0 = Release|Any CPU
	EndGlobalSection
	GlobalSection(SolutionProperties) = preSolution
		HideSolutionNode = FALSE
	EndGlobalSection
	GlobalSection(ExtensibilityGlobals) = postSolution
		SolutionGuid = {4FADB2CD-1EB8-4313-8850-E7B1BAB7E060}
	EndGlobalSection
EndGlobal
